<?xml version="1.0" encoding="utf-8"?>
<Project ToolsVersion="4.0" xmlns="http://schemas.microsoft.com/developer/msbuild/2003">
  <ItemGroup>
    <ClCompile Include="libs\imgui\imgui.cpp">
      <Filter>libs\imgui</Filter>
    </ClCompile>
    <ClCompile Include="libs\imgui\imgui_demo.cpp">
      <Filter>libs\imgui</Filter>
    </ClCompile>
    <ClCompile Include="libs\imgui\imgui_draw.cpp">
      <Filter>libs\imgui</Filter>
    </ClCompile>
    <ClCompile Include="libs\GL\gl3w.c">
      <Filter>libs\gl</Filter>
    </ClCompile>
    <ClCompile Include="wrap\imgui_impl_glfw_gl3.cpp">
      <Filter>wrap</Filter>
    </ClCompile>
    <ClCompile Include="wrap\app_wrap.cpp">
      <Filter>wrap</Filter>
    </ClCompile>
    <ClCompile Include="wrap\input_wrap.cpp">
      <Filter>wrap</Filter>
    </ClCompile>
    <ClCompile Include="wrap\imgui_wrap.cpp">
      <Filter>wrap</Filter>
    </ClCompile>
    <ClCompile Include="core\log.cpp">
      <Filter>core</Filter>
    </ClCompile>
    <ClCompile Include="core\maths.cpp">
      <Filter>core</Filter>
    </ClCompile>
    <ClCompile Include="wrap\recorder_wrap.cpp">
      <Filter>wrap</Filter>
    </ClCompile>
    <ClCompile Include="core\pose.cpp">
      <Filter>core</Filter>
    </ClCompile>
    <ClCompile Include="src\timers.cpp">
      <Filter>src</Filter>
    </ClCompile>
    <ClCompile Include="core\gpu_timer.cpp">
      <Filter>core</Filter>
    </ClCompile>
    <ClCompile Include="core\cpu_timer.cpp">
      <Filter>core</Filter>
    </ClCompile>
    <ClCompile Include="core\shader_loader.cpp">
      <Filter>core</Filter>
    </ClCompile>
    <ClCompile Include="core\dir.cpp">
      <Filter>core</Filter>
    </ClCompile>
    <ClCompile Include="core\vec2.cpp">
      <Filter>core</Filter>
    </ClCompile>
    <ClCompile Include="core\vec3.cpp">
      <Filter>core</Filter>
    </ClCompile>
    <ClCompile Include="core\vec4.cpp">
      <Filter>core</Filter>
    </ClCompile>
    <ClCompile Include="src\mfm_main.cpp">
      <Filter>src</Filter>
    </ClCompile>
    <ClCompile Include="wrap\image_wrap.cpp">
      <Filter>wrap</Filter>
    </ClCompile>
    <ClCompile Include="src\main.cpp">
      <Filter>src</Filter>
    </ClCompile>
    <ClCompile Include="core\file_stat.cpp">
      <Filter>core</Filter>
    </ClCompile>
    <ClCompile Include="src\splat_parser.cpp">
      <Filter>src</Filter>
    </ClCompile>
    <ClCompile Include="src\splat_compiler.cpp">
      <Filter>src</Filter>
    </ClCompile>
    <ClCompile Include="src\splat_emitter.cpp">
      <Filter>src</Filter>
    </ClCompile>
    <ClCompile Include="src\splat_lexer.cpp">
      <Filter>src</Filter>
    </ClCompile>
    <ClCompile Include="src\splat_errors.cpp">
      <Filter>src</Filter>
    </ClCompile>
    <ClCompile Include="src\data_fields.cpp">
      <Filter>src</Filter>
    </ClCompile>
  </ItemGroup>
  <ItemGroup>
    <ClInclude Include="libs\GLFW\glfw3.h">
      <Filter>libs\glfw</Filter>
    </ClInclude>
    <ClInclude Include="libs\GLFW\glfw3native.h">
      <Filter>libs\glfw</Filter>
    </ClInclude>
    <ClInclude Include="libs\imgui\imconfig.h">
      <Filter>libs\imgui</Filter>
    </ClInclude>
    <ClInclude Include="libs\imgui\imgui.h">
      <Filter>libs\imgui</Filter>
    </ClInclude>
    <ClInclude Include="libs\imgui\imgui_internal.h">
      <Filter>libs\imgui</Filter>
    </ClInclude>
    <ClInclude Include="libs\imgui\stb_rect_pack.h">
      <Filter>libs\imgui</Filter>
    </ClInclude>
    <ClInclude Include="libs\imgui\stb_textedit.h">
      <Filter>libs\imgui</Filter>
    </ClInclude>
    <ClInclude Include="libs\imgui\stb_truetype.h">
      <Filter>libs\imgui</Filter>
    </ClInclude>
    <ClInclude Include="libs\GL\gl3w.h">
      <Filter>libs\gl</Filter>
    </ClInclude>
    <ClInclude Include="libs\GL\glcorearb.h">
      <Filter>libs\gl</Filter>
    </ClInclude>
    <ClInclude Include="wrap\imgui_impl_glfw_gl3.h">
      <Filter>wrap</Filter>
    </ClInclude>
    <ClInclude Include="wrap\app_wrap.h">
      <Filter>wrap</Filter>
    </ClInclude>
    <ClInclude Include="wrap\input_wrap.h">
      <Filter>wrap</Filter>
    </ClInclude>
    <ClInclude Include="wrap\imgui_wrap.h">
      <Filter>wrap</Filter>
    </ClInclude>
    <ClInclude Include="core\log.h">
      <Filter>core</Filter>
    </ClInclude>
    <ClInclude Include="core\maths.h">
      <Filter>core</Filter>
    </ClInclude>
    <ClInclude Include="libs\stb\stb_image.h">
      <Filter>libs\stb</Filter>
    </ClInclude>
    <ClInclude Include="core\basic_types.h">
      <Filter>core</Filter>
    </ClInclude>
    <ClInclude Include="core\container.h">
      <Filter>core</Filter>
    </ClInclude>
    <ClInclude Include="libs\stb\stb_image_write.h">
      <Filter>libs\stb</Filter>
    </ClInclude>
    <ClInclude Include="libs\GLFW\glfw3_64.h">
      <Filter>libs\glfw</Filter>
    </ClInclude>
    <ClInclude Include="libs\GLFW\glfw3native_64.h">
      <Filter>libs\glfw</Filter>
    </ClInclude>
    <ClInclude Include="wrap\recorder_wrap.h">
      <Filter>wrap</Filter>
    </ClInclude>
    <ClInclude Include="core\crc.h">
      <Filter>core</Filter>
    </ClInclude>
    <ClInclude Include="core\pose.h">
      <Filter>core</Filter>
    </ClInclude>
    <ClInclude Include="core\type_magic.h">
      <Filter>core</Filter>
    </ClInclude>
    <ClInclude Include="src\timers.h">
      <Filter>src</Filter>
    </ClInclude>
    <ClInclude Include="core\gpu_timer.h">
      <Filter>core</Filter>
    </ClInclude>
    <ClInclude Include="core\cpu_timer.h">
      <Filter>core</Filter>
    </ClInclude>
    <ClInclude Include="core\shader_loader.h">
      <Filter>core</Filter>
    </ClInclude>
    <ClInclude Include="core\string_range.h">
      <Filter>core</Filter>
    </ClInclude>
    <ClInclude Include="core\dir.h">
      <Filter>core</Filter>
    </ClInclude>
    <ClInclude Include="core\vec2.h">
      <Filter>core</Filter>
    </ClInclude>
    <ClInclude Include="core\vec3.h">
      <Filter>core</Filter>
    </ClInclude>
    <ClInclude Include="core\vec4.h">
      <Filter>core</Filter>
    </ClInclude>
    <ClInclude Include="wrap\image_wrap.h">
      <Filter>wrap</Filter>
    </ClInclude>
    <ClInclude Include="core\win_dirent.h">
      <Filter>core</Filter>
    </ClInclude>
    <ClInclude Include="core\file_stat.h">
      <Filter>core</Filter>
    </ClInclude>
    <ClInclude Include="src\splat_compiler.h">
      <Filter>src</Filter>
    </ClInclude>
    <ClInclude Include="src\splat_internal.h">
      <Filter>src</Filter>
    </ClInclude>
    <ClInclude Include="src\mfm_utils.h">
      <Filter>src</Filter>
    </ClInclude>
    <ClInclude Include="src\data_fields.h">
      <Filter>src</Filter>
    </ClInclude>
  </ItemGroup>
  <ItemGroup>
    <Filter Include="libs">
      <UniqueIdentifier>{336c9dd5-7c68-453d-88b7-56369177b40d}</UniqueIdentifier>
    </Filter>
    <Filter Include="libs\glfw">
      <UniqueIdentifier>{111565b8-7803-4a6b-bcbb-04d5cc506d7d}</UniqueIdentifier>
    </Filter>
    <Filter Include="libs\imgui">
      <UniqueIdentifier>{977d56b8-c953-49a7-988b-823ae885bdc3}</UniqueIdentifier>
    </Filter>
    <Filter Include="libs\gl">
      <UniqueIdentifier>{abf7ce9d-8537-43b2-b14a-115e77ca6d74}</UniqueIdentifier>
    </Filter>
    <Filter Include="src">
      <UniqueIdentifier>{483c7e91-8873-43b6-9cff-b7ca54bddcca}</UniqueIdentifier>
    </Filter>
    <Filter Include="wrap">
      <UniqueIdentifier>{18bc355c-1c08-4784-ace2-21cfe3e1a8b1}</UniqueIdentifier>
    </Filter>
    <Filter Include="shaders">
      <UniqueIdentifier>{9c180f66-a118-4cc1-914e-bd194ba04e62}</UniqueIdentifier>
    </Filter>
    <Filter Include="core">
      <UniqueIdentifier>{d9c0951a-f034-4d3d-a242-b792c88ac659}</UniqueIdentifier>
    </Filter>
    <Filter Include="libs\stb">
      <UniqueIdentifier>{1ad6307c-3772-4011-8e9d-ddb327d6aab9}</UniqueIdentifier>
    </Filter>
    <Filter Include="stdlib">
      <UniqueIdentifier>{49a06f65-ab5a-42c2-bc46-6aa9a6b93932}</UniqueIdentifier>
    </Filter>
    <Filter Include="projects">
      <UniqueIdentifier>{44c1e7c2-35c1-46dd-9491-417f2604ade1}</UniqueIdentifier>
    </Filter>
    <Filter Include="projects\anton_testing">
      <UniqueIdentifier>{6db2eea2-ab32-4885-844a-0ef930b15bc5}</UniqueIdentifier>
    </Filter>
    <Filter Include="projects\basic">
      <UniqueIdentifier>{d945ecc0-1e60-4ca9-9ffe-ad02e5d97d78}</UniqueIdentifier>
    </Filter>
    <Filter Include="projects\swap_line">
      <UniqueIdentifier>{353af355-5e36-4d4e-899a-cf7972f693ef}</UniqueIdentifier>
    </Filter>
    <Filter Include="projects\predator_prey">
      <UniqueIdentifier>{48aea71b-7e86-45f7-a6b8-ed0dd1ef72a5}</UniqueIdentifier>
    </Filter>
  </ItemGroup>
  <ItemGroup>
    <None Include="shaders\draw.frag">
      <Filter>shaders</Filter>
    </None>
    <None Include="shaders\unit_quad.vert">
      <Filter>shaders</Filter>
    </None>
    <None Include="shaders\cpu_gpu_shared.inl">
      <Filter>shaders</Filter>
    </None>
    <None Include="shaders\bit_packing.inl">
      <Filter>shaders</Filter>
    </None>
    <None Include="shaders\prng.inl">
      <Filter>shaders</Filter>
    </None>
    <None Include="shaders\reset.comp">
      <Filter>shaders</Filter>
    </None>
    <None Include="shaders\sites.inl">
      <Filter>shaders</Filter>
    </None>
    <None Include="shaders\uniforms.inl">
      <Filter>shaders</Filter>
    </None>
    <None Include="shaders\stats.comp">
      <Filter>shaders</Filter>
    </None>
    <None Include="shaders\render.comp">
      <Filter>shaders</Filter>
    </None>
    <None Include="shaders\defines.inl">
      <Filter>shaders</Filter>
    </None>
    <None Include="shaders\globals.inl">
      <Filter>shaders</Filter>
    </None>
    <None Include="shaders\clear_stats.comp">
      <Filter>shaders</Filter>
    </None>
    <None Include="shaders\staged_update_direct.comp">
      <Filter>shaders</Filter>
    </None>
    <None Include="shaders\staged_update_indirect.comp">
      <Filter>shaders</Filter>
    </None>
    <None Include="shaders\xoroshiro128starstar.inl">
      <Filter>shaders</Filter>
    </None>
    <None Include="shaders\hash.inl">
      <Filter>shaders</Filter>
    </None>
    <None Include="shaders\splitmix32.inl">
      <Filter>shaders</Filter>
    </None>
    <None Include="projects\anton_testing\init.gpulam">
      <Filter>projects\anton_testing</Filter>
    </None>
    <None Include="projects\anton_testing\inject.splat">
      <Filter>projects\anton_testing</Filter>
    </None>
    <None Include="projects\anton_testing\test.splat">
      <Filter>projects\anton_testing</Filter>
    </None>
    <None Include="projects\swap_line\init.gpulam">
      <Filter>projects\swap_line</Filter>
    </None>
    <None Include="projects\swap_line\SwapLine.splat">
      <Filter>projects\swap_line</Filter>
    </None>
    <None Include="projects\predator_prey\Animal.splat">
      <Filter>projects\predator_prey</Filter>
    </None>
    <None Include="projects\predator_prey\init.gpulam">
      <Filter>projects\predator_prey</Filter>
    </None>
    <None Include="projects\predator_prey\Plant.splat">
      <Filter>projects\predator_prey</Filter>
    </None>
    <None Include="stdlib\DReg.splat">
      <Filter>stdlib</Filter>
    </None>
    <None Include="stdlib\ForkBomb.splat">
      <Filter>stdlib</Filter>
    </None>
    <None Include="stdlib\FriendlyForkBomb.splat">
      <Filter>stdlib</Filter>
    </None>
    <None Include="stdlib\Res.splat">
      <Filter>stdlib</Filter>
    </None>
    <None Include="stdlib\Wall.splat">
      <Filter>stdlib</Filter>
    </None>
  </ItemGroup>
</Project>